
Microsoft Visual Studio Solution File, Format Version 12.00
# Visual Studio Version 17
VisualStudioVersion = 17.1.32328.378
MinimumVisualStudioVersion = 10.0.40219.1
Project("{8BC9CEB8-8B4A-11D0-8D11-00A0C91BC942}") = "Homework_39", "Homework_39.vcxproj", "{BA7215CA-772D-402E-ABDF-6BDA9EFCF579}"
EndProject
Global
	GlobalSection(SolutionConfigurationPlatforms) = preSolution
		Debug|x64 = Debug|x64
		Debug|x86 = Debug|x86
		Release|x64 = Release|x64
		Release|x86 = Release|x86
	EndGlobalSection
	GlobalSection(ProjectConfigurationPlatforms) = postSolution
		{BA7215CA-772D-402E-ABDF-6BDA9EFCF579}.Debug|x64.ActiveCfg = Debug|x64
		{BA7215CA-772D-402E-ABDF-6BDA9EFCF579}.Debug|x64.Build.0 = Debug|x64
		{BA7215CA-772D-402E-ABDF-6BDA9EFCF579}.Debug|x86.ActiveCfg = Debug|Win32
		{BA7215CA-772D-402E-ABDF-6BDA9EFCF579}.Debug|x86.Build.0 = Debug|Win32
		{BA7215CA-772D-402E-ABDF-6BDA9EFCF579}.Release|x64.ActiveCfg = Release|x64
		{BA7215CA-772D-402E-ABDF-6BDA9EFCF579}.Release|x64.Build.0 = Release|x64
		{BA7215CA-772D-402E-ABDF-6BDA9EFCF579}.Release|x86.ActiveCfg = Release|Win32
		{BA7215CA-772D-402E-ABDF-6BDA9EFCF579}.Release|x86.Build.0 = Release|Win32
	EndGlobalSection
	GlobalSection(SolutionProperties) = preSolution
		HideSolutionNode = FALSE
	EndGlobalSection
	GlobalSection(ExtensibilityGlobals) = postSolution
		SolutionGuid = {61A32BD5-0D60-4A62-A8F0-93F7BF37493B}
	EndGlobalSection
EndGlobal
